
Microsoft Visual Studio Solution File, Format Version 12.00
# Visual Studio Version 17
VisualStudioVersion = 17.3.32929.385
MinimumVisualStudioVersion = 10.0.40219.1
Project("{FAE04EC0-301F-11D3-BF4B-00C04F79EFBC}") = "WFListNote", "WFListNote.csproj", "{0F349126-668E-47A9-92DB-DE918BA2FB06}"
EndProject
Global
	GlobalSection(SolutionConfigurationPlatforms) = preSolution
		Debug|Any CPU = Debug|Any CPU
		Release|Any CPU = Release|Any CPU
	EndGlobalSection
	GlobalSection(ProjectConfigurationPlatforms) = postSolution
		{0F349126-668E-47A9-92DB-DE918BA2FB06}.Debug|Any CPU.ActiveCfg = Debug|Any CPU
		{0F349126-668E-47A9-92DB-DE918BA2FB06}.Debug|Any CPU.Build.0 = Debug|Any CPU
		{0F349126-668E-47A9-92DB-DE918BA2FB06}.Release|Any CPU.ActiveCfg = Release|Any CPU
		{0F349126-668E-47A9-92DB-DE918BA2FB06}.Release|Any CPU.Build.0 = Release|Any CPU
	EndGlobalSection
	GlobalSection(SolutionProperties) = preSolution
		HideSolutionNode = FALSE
	EndGlobalSection
	GlobalSection(ExtensibilityGlobals) = postSolution
		SolutionGuid = {E1165D84-4072-4232-93E6-B06F762C9A80}
	EndGlobalSection
EndGlobal
